
Microsoft Visual Studio Solution File, Format Version 12.00
# Visual Studio 15
VisualStudioVersion = 15.0.26124.0
MinimumVisualStudioVersion = 15.0.26124.0
Project("{FAE04EC0-301F-11D3-BF4B-00C04F79EFBC}") = "StringLibrary", "StringLibrary\StringLibrary.csproj", "{5B7B622A-FF1F-45DA-95BD-88EAB945F7C4}"
EndProject
Project("{FAE04EC0-301F-11D3-BF4B-00C04F79EFBC}") = "ShowCase", "ShowCase\ShowCase.csproj", "{4B71C815-F7F0-4F9F-B7B0-DEB468A36D57}"
EndProject
Project("{FAE04EC0-301F-11D3-BF4B-00C04F79EFBC}") = "StringLibraryTest", "StringLibraryTest\StringLibraryTest.csproj", "{8F2A81B2-255A-4A9A-9CA5-3649E5A793F6}"
EndProject
Global
	GlobalSection(SolutionConfigurationPlatforms) = preSolution
		Debug|Any CPU = Debug|Any CPU
		Debug|x64 = Debug|x64
		Debug|x86 = Debug|x86
		Release|Any CPU = Release|Any CPU
		Release|x64 = Release|x64
		Release|x86 = Release|x86
	EndGlobalSection
	GlobalSection(SolutionProperties) = preSolution
		HideSolutionNode = FALSE
	EndGlobalSection
	GlobalSection(ProjectConfigurationPlatforms) = postSolution
		{5B7B622A-FF1F-45DA-95BD-88EAB945F7C4}.Debug|Any CPU.ActiveCfg = Debug|Any CPU
		{5B7B622A-FF1F-45DA-95BD-88EAB945F7C4}.Debug|Any CPU.Build.0 = Debug|Any CPU
		{5B7B622A-FF1F-45DA-95BD-88EAB945F7C4}.Debug|x64.ActiveCfg = Debug|Any CPU
		{5B7B622A-FF1F-45DA-95BD-88EAB945F7C4}.Debug|x64.Build.0 = Debug|Any CPU
		{5B7B622A-FF1F-45DA-95BD-88EAB945F7C4}.Debug|x86.ActiveCfg = Debug|Any CPU
		{5B7B622A-FF1F-45DA-95BD-88EAB945F7C4}.Debug|x86.Build.0 = Debug|Any CPU
		{5B7B622A-FF1F-45DA-95BD-88EAB945F7C4}.Release|Any CPU.ActiveCfg = Release|Any CPU
		{5B7B622A-FF1F-45DA-95BD-88EAB945F7C4}.Release|Any CPU.Build.0 = Release|Any CPU
		{5B7B622A-FF1F-45DA-95BD-88EAB945F7C4}.Release|x64.ActiveCfg = Release|Any CPU
		{5B7B622A-FF1F-45DA-95BD-88EAB945F7C4}.Release|x64.Build.0 = Release|Any CPU
		{5B7B622A-FF1F-45DA-95BD-88EAB945F7C4}.Release|x86.ActiveCfg = Release|Any CPU
		{5B7B622A-FF1F-45DA-95BD-88EAB945F7C4}.Release|x86.Build.0 = Release|Any CPU
		{4B71C815-F7F0-4F9F-B7B0-DEB468A36D57}.Debug|Any CPU.ActiveCfg = Debug|Any CPU
		{4B71C815-F7F0-4F9F-B7B0-DEB468A36D57}.Debug|Any CPU.Build.0 = Debug|Any CPU
		{4B71C815-F7F0-4F9F-B7B0-DEB468A36D57}.Debug|x64.ActiveCfg = Debug|Any CPU
		{4B71C815-F7F0-4F9F-B7B0-DEB468A36D57}.Debug|x64.Build.0 = Debug|Any CPU
		{4B71C815-F7F0-4F9F-B7B0-DEB468A36D57}.Debug|x86.ActiveCfg = Debug|Any CPU
		{4B71C815-F7F0-4F9F-B7B0-DEB468A36D57}.Debug|x86.Build.0 = Debug|Any CPU
		{4B71C815-F7F0-4F9F-B7B0-DEB468A36D57}.Release|Any CPU.ActiveCfg = Release|Any CPU
		{4B71C815-F7F0-4F9F-B7B0-DEB468A36D57}.Release|Any CPU.Build.0 = Release|Any CPU
		{4B71C815-F7F0-4F9F-B7B0-DEB468A36D57}.Release|x64.ActiveCfg = Release|Any CPU
		{4B71C815-F7F0-4F9F-B7B0-DEB468A36D57}.Release|x64.Build.0 = Release|Any CPU
		{4B71C815-F7F0-4F9F-B7B0-DEB468A36D57}.Release|x86.ActiveCfg = Release|Any CPU
		{4B71C815-F7F0-4F9F-B7B0-DEB468A36D57}.Release|x86.Build.0 = Release|Any CPU
		{8F2A81B2-255A-4A9A-9CA5-3649E5A793F6}.Debug|Any CPU.ActiveCfg = Debug|Any CPU
		{8F2A81B2-255A-4A9A-9CA5-3649E5A793F6}.Debug|Any CPU.Build.0 = Debug|Any CPU
		{8F2A81B2-255A-4A9A-9CA5-3649E5A793F6}.Debug|x64.ActiveCfg = Debug|Any CPU
		{8F2A81B2-255A-4A9A-9CA5-3649E5A793F6}.Debug|x64.Build.0 = Debug|Any CPU
		{8F2A81B2-255A-4A9A-9CA5-3649E5A793F6}.Debug|x86.ActiveCfg = Debug|Any CPU
		{8F2A81B2-255A-4A9A-9CA5-3649E5A793F6}.Debug|x86.Build.0 = Debug|Any CPU
		{8F2A81B2-255A-4A9A-9CA5-3649E5A793F6}.Release|Any CPU.ActiveCfg = Release|Any CPU
		{8F2A81B2-255A-4A9A-9CA5-3649E5A793F6}.Release|Any CPU.Build.0 = Release|Any CPU
		{8F2A81B2-255A-4A9A-9CA5-3649E5A793F6}.Release|x64.ActiveCfg = Release|Any CPU
		{8F2A81B2-255A-4A9A-9CA5-3649E5A793F6}.Release|x64.Build.0 = Release|Any CPU
		{8F2A81B2-255A-4A9A-9CA5-3649E5A793F6}.Release|x86.ActiveCfg = Release|Any CPU
		{8F2A81B2-255A-4A9A-9CA5-3649E5A793F6}.Release|x86.Build.0 = Release|Any CPU
	EndGlobalSection
EndGlobal
